
Microsoft Visual Studio Solution File, Format Version 12.00
# Visual Studio Version 17
VisualStudioVersion = 17.1.32210.238
MinimumVisualStudioVersion = 10.0.40219.1
Project("{FAE04EC0-301F-11D3-BF4B-00C04F79EFBC}") = "kbbtestt", "kbbtestt.csproj", "{7D0956F8-2A42-4814-B8AB-EE3AE56243A2}"
EndProject
Global
	GlobalSection(SolutionConfigurationPlatforms) = preSolution
		Debug|Any CPU = Debug|Any CPU
		Release|Any CPU = Release|Any CPU
	EndGlobalSection
	GlobalSection(ProjectConfigurationPlatforms) = postSolution
		{7D0956F8-2A42-4814-B8AB-EE3AE56243A2}.Debug|Any CPU.ActiveCfg = Debug|Any CPU
		{7D0956F8-2A42-4814-B8AB-EE3AE56243A2}.Debug|Any CPU.Build.0 = Debug|Any CPU
		{7D0956F8-2A42-4814-B8AB-EE3AE56243A2}.Release|Any CPU.ActiveCfg = Release|Any CPU
		{7D0956F8-2A42-4814-B8AB-EE3AE56243A2}.Release|Any CPU.Build.0 = Release|Any CPU
	EndGlobalSection
	GlobalSection(SolutionProperties) = preSolution
		HideSolutionNode = FALSE
	EndGlobalSection
	GlobalSection(ExtensibilityGlobals) = postSolution
		SolutionGuid = {860D38CA-B5FF-4B6E-BC69-E5A7076C8040}
	EndGlobalSection
EndGlobal
